// !$*UTF8*$!
{
	archiveVersion = 1;
	classes = {
	};
	objectVersion = 48;
	objects = {

/* Begin PBXBuildFile section */
		17CD5DAD1F97F9EB0024EEE8 /* AppDelegate.swift in Sources */ = {isa = PBXBuildFile; fileRef = 17CD5DAC1F97F9EB0024EEE8 /* AppDelegate.swift */; };
		17CD5DAF1F97F9EB0024EEE8 /* ViewController.swift in Sources */ = {isa = PBXBuildFile; fileRef = 17CD5DAE1F97F9EB0024EEE8 /* ViewController.swift */; };
		17CD5DB21F97F9EB0024EEE8 /* Main.storyboard in Resources */ = {isa = PBXBuildFile; fileRef = 17CD5DB01F97F9EB0024EEE8 /* Main.storyboard */; };
		17CD5DB51F97F9EB0024EEE8 /* LuminariaController.xcdatamodeld in Sources */ = {isa = PBXBuildFile; fileRef = 17CD5DB31F97F9EB0024EEE8 /* LuminariaController.xcdatamodeld */; };
		17CD5DB71F97F9EB0024EEE8 /* Assets.xcassets in Resources */ = {isa = PBXBuildFile; fileRef = 17CD5DB61F97F9EB0024EEE8 /* Assets.xcassets */; };
		17CD5DBA1F97F9EB0024EEE8 /* LaunchScreen.storyboard in Resources */ = {isa = PBXBuildFile; fileRef = 17CD5DB81F97F9EB0024EEE8 /* LaunchScreen.storyboard */; };
/* End PBXBuildFile section */

/* Begin PBXFileReference section */
		17CD5DA91F97F9EB0024EEE8 /* LuminariaController.app */ = {isa = PBXFileReference; explicitFileType = wrapper.application; includeInIndex = 0; path = LuminariaController.app; sourceTree = BUILT_PRODUCTS_DIR; };
		17CD5DAC1F97F9EB0024EEE8 /* AppDelegate.swift */ = {isa = PBXFileReference; lastKnownFileType = sourcecode.swift; path = AppDelegate.swift; sourceTree = "<group>"; };
		17CD5DAE1F97F9EB0024EEE8 /* ViewController.swift */ = {isa = PBXFileReference; lastKnownFileType = sourcecode.swift; path = ViewController.swift; sourceTree = "<group>"; };
		17CD5DB11F97F9EB0024EEE8 /* Base */ = {isa = PBXFileReference; lastKnownFileType = file.storyboard; name = Base; path = Base.lproj/Main.storyboard; sourceTree = "<group>"; };
		17CD5DB41F97F9EB0024EEE8 /* LuminariaController.xcdatamodel */ = {isa = PBXFileReference; lastKnownFileType = wrapper.xcdatamodel; path = LuminariaController.xcdatamodel; sourceTree = "<group>"; };
		17CD5DB61F97F9EB0024EEE8 /* Assets.xcassets */ = {isa = PBXFileReference; lastKnownFileType = folder.assetcatalog; path = Assets.xcassets; sourceTree = "<group>"; };
		17CD5DB91F97F9EB0024EEE8 /* Base */ = {isa = PBXFileReference; lastKnownFileType = file.storyboard; name = Base; path = Base.lproj/LaunchScreen.storyboard; sourceTree = "<group>"; };
		17CD5DBB1F97F9EB0024EEE8 /* Info.plist */ = {isa = PBXFileReference; lastKnownFileType = text.plist.xml; path = Info.plist; sourceTree = "<group>"; };
/* End PBXFileReference section */

/* Begin PBXFrameworksBuildPhase section */
		17CD5DA61F97F9EB0024EEE8 /* Frameworks */ = {
			isa = PBXFrameworksBuildPhase;
			buildActionMask = 2147483647;
			files = (
			);
			runOnlyForDeploymentPostprocessing = 0;
		};
/* End PBXFrameworksBuildPhase section */

/* Begin PBXGroup section */
		17CD5DA01F97F9EB0024EEE8 = {
			isa = PBXGroup;
			children = (
				17CD5DAB1F97F9EB0024EEE8 /* LuminariaController */,
				17CD5DAA1F97F9EB0024EEE8 /* Products */,
			);
			sourceTree = "<group>";
		};
		17CD5DAA1F97F9EB0024EEE8 /* Products */ = {
			isa = PBXGroup;
			children = (
				17CD5DA91F97F9EB0024EEE8 /* LuminariaController.app */,
			);
			name = Products;
			sourceTree = "<group>";
		};
		17CD5DAB1F97F9EB0024EEE8 /* LuminariaController */ = {
			isa = PBXGroup;
			children = (
				17CD5DAC1F97F9EB0024EEE8 /* AppDelegate.swift */,
				17CD5DAE1F97F9EB0024EEE8 /* ViewController.swift */,
				17CD5DB01F97F9EB0024EEE8 /* Main.storyboard */,
				17CD5DB61F97F9EB0024EEE8 /* Assets.xcassets */,
				17CD5DB81F97F9EB0024EEE8 /* LaunchScreen.storyboard */,
				17CD5DBB1F97F9EB0024EEE8 /* Info.plist */,
				17CD5DB31F97F9EB0024EEE8 /* LuminariaController.xcdatamodeld */,
			);
			path = LuminariaController;
			sourceTree = "<group>";
		};
/* End PBXGroup section */

/* Begin PBXNativeTarget section */
		17CD5DA81F97F9EB0024EEE8 /* LuminariaController */ = {
			isa = PBXNativeTarget;
			buildConfigurationList = 17CD5DBE1F97F9EB0024EEE8 /* Build configuration list for PBXNativeTarget "LuminariaController" */;
			buildPhases = (
				17CD5DA51F97F9EB0024EEE8 /* Sources */,
				17CD5DA61F97F9EB0024EEE8 /* Frameworks */,
				17CD5DA71F97F9EB0024EEE8 /* Resources */,
			);
			buildRules = (
			);
			dependencies = (
			);
			name = LuminariaController;
			productName = LuminariaController;
			productReference = 17CD5DA91F97F9EB0024EEE8 /* LuminariaController.app */;
			productType = "com.apple.product-type.application";
		};
/* End PBXNativeTarget section */

/* Begin PBXProject section */
		17CD5DA11F97F9EB0024EEE8 /* Project object */ = {
			isa = PBXProject;
			attributes = {
				LastSwiftUpdateCheck = 0900;
				LastUpgradeCheck = 0900;
				ORGANIZATIONNAME = Tecsup;
				TargetAttributes = {
					17CD5DA81F97F9EB0024EEE8 = {
						CreatedOnToolsVersion = 9.0.1;
						ProvisioningStyle = Automatic;
					};
				};
			};
			buildConfigurationList = 17CD5DA41F97F9EB0024EEE8 /* Build configuration list for PBXProject "LuminariaController" */;
			compatibilityVersion = "Xcode 8.0";
			developmentRegion = en;
			hasScannedForEncodings = 0;
			knownRegions = (
				en,
				Base,
			);
			mainGroup = 17CD5DA01F97F9EB0024EEE8;
			productRefGroup = 17CD5DAA1F97F9EB0024EEE8 /* Products */;
			projectDirPath = "";
			projectRoot = "";
			targets = (
				17CD5DA81F97F9EB0024EEE8 /* LuminariaController */,
			);
		};
/* End PBXProject section */

/* Begin PBXResourcesBuildPhase section */
		17CD5DA71F97F9EB0024EEE8 /* Resources */ = {
			isa = PBXResourcesBuildPhase;
			buildActionMask = 2147483647;
			files = (
				17CD5DBA1F97F9EB0024EEE8 /* LaunchScreen.storyboard in Resources */,
				17CD5DB71F97F9EB0024EEE8 /* Assets.xcassets in Resources */,
				17CD5DB21F97F9EB0024EEE8 /* Main.storyboard in Resources */,
			);
			runOnlyForDeploymentPostprocessing = 0;
		};
/* End PBXResourcesBuildPhase section */

/* Begin PBXSourcesBuildPhase section */
		17CD5DA51F97F9EB0024EEE8 /* Sources */ = {
			isa = PBXSourcesBuildPhase;
			buildActionMask = 2147483647;
			files = (
				17CD5DB51F97F9EB0024EEE8 /* LuminariaController.xcdatamodeld in Sources */,
				17CD5DAF1F97F9EB0024EEE8 /* ViewController.swift in Sources */,
				17CD5DAD1F97F9EB0024EEE8 /* AppDelegate.swift in Sources */,
			);
			runOnlyForDeploymentPostprocessing = 0;
		};
/* End PBXSourcesBuildPhase section */

/* Begin PBXVariantGroup section */
		17CD5DB01F97F9EB0024EEE8 /* Main.storyboard */ = {
			isa = PBXVariantGroup;
			children = (
				17CD5DB11F97F9EB0024EEE8 /* Base */,
			);
			name = Main.storyboard;
			sourceTree = "<group>";
		};
		17CD5DB81F97F9EB0024EEE8 /* LaunchScreen.storyboard */ = {
			isa = PBXVariantGroup;
			children = (
				17CD5DB91F97F9EB0024EEE8 /* Base */,
			);
			name = LaunchScreen.storyboard;
			sourceTree = "<group>";
		};
/* End PBXVariantGroup section */

/* Begin XCBuildConfiguration section */
		17CD5DBC1F97F9EB0024EEE8 /* Debug */ = {
			isa = XCBuildConfiguration;
			buildSettings = {
				ALWAYS_SEARCH_USER_PATHS = NO;
				CLANG_ANALYZER_NONNULL = YES;
				CLANG_ANALYZER_NUMBER_OBJECT_CONVERSION = YES_AGGRESSIVE;
				CLANG_CXX_LANGUAGE_STANDARD = "gnu++14";
				CLANG_CXX_LIBRARY = "libc++";
				CLANG_ENABLE_MODULES = YES;
				CLANG_ENABLE_OBJC_ARC = YES;
				CLANG_WARN_BLOCK_CAPTURE_AUTORELEASING = YES;
				CLANG_WARN_BOOL_CONVERSION = YES;
				CLANG_WARN_COMMA = YES;
				CLANG_WARN_CONSTANT_CONVERSION = YES;
				CLANG_WARN_DIRECT_OBJC_ISA_USAGE = YES_ERROR;
				CLANG_WARN_DOCUMENTATION_COMMENTS = YES;
				CLANG_WARN_EMPTY_BODY = YES;
				CLANG_WARN_ENUM_CONVERSION = YES;
				CLANG_WARN_INFINITE_RECURSION = YES;
				CLANG_WARN_INT_CONVERSION = YES;
				CLANG_WARN_NON_LITERAL_NULL_CONVERSION = YES;
				CLANG_WARN_OBJC_LITERAL_CONVERSION = YES;
				CLANG_WARN_OBJC_ROOT_CLASS = YES_ERROR;
				CLANG_WARN_RANGE_LOOP_ANALYSIS = YES;
				CLANG_WARN_STRICT_PROTOTYPES = YES;
				CLANG_WARN_SUSPICIOUS_MOVE = YES;
				CLANG_WARN_UNGUARDED_AVAILABILITY = YES_AGGRESSIVE;
				CLANG_WARN_UNREACHABLE_CODE = YES;
				CLANG_WARN__DUPLICATE_METHOD_MATCH = YES;
				CODE_SIGN_IDENTITY = "iPhone Developer";
				COPY_PHASE_STRIP = NO;
				DEBUG_INFORMATION_FORMAT = dwarf;
				ENABLE_STRICT_OBJC_MSGSEND = YES;
				ENABLE_TESTABILITY = YES;
				GCC_C_LANGUAGE_STANDARD = gnu11;
				GCC_DYNAMIC_NO_PIC = NO;
				GCC_NO_COMMON_BLOCKS = YES;
				GCC_OPTIMIZATION_LEVEL = 0;
				GCC_PREPROCESSOR_DEFINITIONS = (
					"DEBUG=1",
					"$(inherited)",
				);
				GCC_WARN_64_TO_32_BIT_CONVERSION = YES;
				GCC_WARN_ABOUT_RETURN_TYPE = YES_ERROR;
				GCC_WARN_UNDECLARED_SELECTOR = YES;
				GCC_WARN_UNINITIALIZED_AUTOS = YES_AGGRESSIVE;
				GCC_WARN_UNUSED_FUNCTION = YES;
				GCC_WARN_UNUSED_VARIABLE = YES;
				IPHONEOS_DEPLOYMENT_TARGET = 11.0;
				MTL_ENABLE_DEBUG_INFO = YES;
				ONLY_ACTIVE_ARCH = YES;
				SDKROOT = iphoneos;
				SWIFT_ACTIVE_COMPILATION_CONDITIONS = DEBUG;
				SWIFT_OPTIMIZATION_LEVEL = "-Onone";
			};
			name = Debug;
		};
		17CD5DBD1F97F9EB0024EEE8 /* Release */ = {
			isa = XCBuildConfiguration;
			buildSettings = {
				ALWAYS_SEARCH_USER_PATHS = NO;
				CLANG_ANALYZER_NONNULL = YES;
				CLANG_ANALYZER_NUMBER_OBJECT_CONVERSION = YES_AGGRESSIVE;
				CLANG_CXX_LANGUAGE_STANDARD = "gnu++14";
				CLANG_CXX_LIBRARY = "libc++";
				CLANG_ENABLE_MODULES = YES;
				CLANG_ENABLE_OBJC_ARC = YES;
				CLANG_WARN_BLOCK_CAPTURE_AUTORELEASING = YES;
				CLANG_WARN_BOOL_CONVERSION = YES;
				CLANG_WARN_COMMA = YES;
				CLANG_WARN_CONSTANT_CONVERSION = YES;
				CLANG_WARN_DIRECT_OBJC_ISA_USAGE = YES_ERROR;
				CLANG_WARN_DOCUMENTATION_COMMENTS = YES;
				CLANG_WARN_EMPTY_BODY = YES;
				CLANG_WARN_ENUM_CONVERSION = YES;
				CLANG_WARN_INFINITE_RECURSION = YES;
				CLANG_WARN_INT_CONVERSION = YES;
				CLANG_WARN_NON_LITERAL_NULL_CONVERSION = YES;
				CLANG_WARN_OBJC_LITERAL_CONVERSION = YES;
				CLANG_WARN_OBJC_ROOT_CLASS = YES_ERROR;
				CLANG_WARN_RANGE_LOOP_ANALYSIS = YES;
				CLANG_WARN_STRICT_PROTOTYPES = YES;
				CLANG_WARN_SUSPICIOUS_MOVE = YES;
				CLANG_WARN_UNGUARDED_AVAILABILITY = YES_AGGRESSIVE;
				CLANG_WARN_UNREACHABLE_CODE = YES;
				CLANG_WARN__DUPLICATE_METHOD_MATCH = YES;
				CODE_SIGN_IDENTITY = "iPhone Developer";
				COPY_PHASE_STRIP = NO;
				DEBUG_INFORMATION_FORMAT = "dwarf-with-dsym";
				ENABLE_NS_ASSERTIONS = NO;
				ENABLE_STRICT_OBJC_MSGSEND = YES;
				GCC_C_LANGUAGE_STANDARD = gnu11;
				GCC_NO_COMMON_BLOCKS = YES;
				GCC_WARN_64_TO_32_BIT_CONVERSION = YES;
				GCC_WARN_ABOUT_RETURN_TYPE = YES_ERROR;
				GCC_WARN_UNDECLARED_SELECTOR = YES;
				GCC_WARN_UNINITIALIZED_AUTOS = YES_AGGRESSIVE;
				GCC_WARN_UNUSED_FUNCTION = YES;
				GCC_WARN_UNUSED_VARIABLE = YES;
				IPHONEOS_DEPLOYMENT_TARGET = 11.0;
				MTL_ENABLE_DEBUG_INFO = NO;
				SDKROOT = iphoneos;
				SWIFT_OPTIMIZATION_LEVEL = "-Owholemodule";
				VALIDATE_PRODUCT = YES;
			};
			name = Release;
		};
		17CD5DBF1F97F9EB0024EEE8 /* Debug */ = {
			isa = XCBuildConfiguration;
			buildSettings = {
				ASSETCATALOG_COMPILER_APPICON_NAME = AppIcon;
				CODE_SIGN_STYLE = Automatic;
				DEVELOPMENT_TEAM = UDRWNR8J6A;
				INFOPLIST_FILE = LuminariaController/Info.plist;
				LD_RUNPATH_SEARCH_PATHS = "$(inherited) @executable_path/Frameworks";
				PRODUCT_BUNDLE_IDENTIFIER = com.tecsup.LuminariaController;
				PRODUCT_NAME = "$(TARGET_NAME)";
				SWIFT_VERSION = 4.0;
				TARGETED_DEVICE_FAMILY = "1,2";
			};
			name = Debug;
		};
		17CD5DC01F97F9EB0024EEE8 /* Release */ = {
			isa = XCBuildConfiguration;
			buildSettings = {
				ASSETCATALOG_COMPILER_APPICON_NAME = AppIcon;
				CODE_SIGN_STYLE = Automatic;
				DEVELOPMENT_TEAM = UDRWNR8J6A;
				INFOPLIST_FILE = LuminariaController/Info.plist;
				LD_RUNPATH_SEARCH_PATHS = "$(inherited) @executable_path/Frameworks";
				PRODUCT_BUNDLE_IDENTIFIER = com.tecsup.LuminariaController;
				PRODUCT_NAME = "$(TARGET_NAME)";
				SWIFT_VERSION = 4.0;
				TARGETED_DEVICE_FAMILY = "1,2";
			};
			name = Release;
		};
/* End XCBuildConfiguration section */

/* Begin XCConfigurationList section */
		17CD5DA41F97F9EB0024EEE8 /* Build configuration list for PBXProject "LuminariaController" */ = {
			isa = XCConfigurationList;
			buildConfigurations = (
				17CD5DBC1F97F9EB0024EEE8 /* Debug */,
				17CD5DBD1F97F9EB0024EEE8 /* Release */,
			);
			defaultConfigurationIsVisible = 0;
			defaultConfigurationName = Release;
		};
		17CD5DBE1F97F9EB0024EEE8 /* Build configuration list for PBXNativeTarget "LuminariaController" */ = {
			isa = XCConfigurationList;
			buildConfigurations = (
				17CD5DBF1F97F9EB0024EEE8 /* Debug */,
				17CD5DC01F97F9EB0024EEE8 /* Release */,
			);
			defaultConfigurationIsVisible = 0;
			defaultConfigurationName = Release;
		};
/* End XCConfigurationList section */

/* Begin XCVersionGroup section */
		17CD5DB31F97F9EB0024EEE8 /* LuminariaController.xcdatamodeld */ = {
			isa = XCVersionGroup;
			children = (
				17CD5DB41F97F9EB0024EEE8 /* LuminariaController.xcdatamodel */,
			);
			currentVersion = 17CD5DB41F97F9EB0024EEE8 /* LuminariaController.xcdatamodel */;
			path = LuminariaController.xcdatamodeld;
			sourceTree = "<group>";
			versionGroupType = wrapper.xcdatamodel;
		};
/* End XCVersionGroup section */
	};
	rootObject = 17CD5DA11F97F9EB0024EEE8 /* Project object */;
}
